PODS:
  - BenchmarkCase_BuiltInOperators (0.1.0)
  - libwebp (1.2.0):
    - libwebp/demux (= 1.2.0)
    - libwebp/mux (= 1.2.0)
    - libwebp/webp (= 1.2.0)
  - libwebp/demux (1.2.0):
    - libwebp/webp
  - libwebp/mux (1.2.0):
    - libwebp/demux
  - libwebp/webp (1.2.0)
  - YYImage/Core (1.0.4)
  - YYImage/libwebp (1.0.4):
    - libwebp
    - YYImage/Core

DEPENDENCIES:
  - BenchmarkCase_BuiltInOperators (from `./BenchmarkCase_BuiltInOperators`)
  - libwebp (= 1.2.0)
  - YYImage/libwebp (from `https://github.com/ibireme/YYImage.git`, branch `master`)

SPEC REPOS:
  https://cdn.cocoapods.org/:
    - libwebp

EXTERNAL SOURCES:
  BenchmarkCase_BuiltInOperators:
    :path: "./BenchmarkCase_BuiltInOperators"
  YYImage:
    :branch: master
    :git: https://github.com/ibireme/YYImage.git

CHECKOUT OPTIONS:
  YYImage:
    :commit: 42ba209608cb332887a33ebcae1bde50c52b151d
    :git: https://github.com/ibireme/YYImage.git

SPEC CHECKSUMS:
  BenchmarkCase_BuiltInOperators: b7fb2844a272832aeb70ca34ce433a0c72cd902e
  libwebp: e90b9c01d99205d03b6bb8f2c8c415e5a4ef66f0
  YYImage: 6db68da66f20d9f169ceb94dfb9947c3867b9665

PODFILE CHECKSUM: 7146e1063a7ea01ee0ff87e7a103605d2084136b

COCOAPODS: 1.10.1
